# This file is autogenerated, do not edit; changes may be undone by the next 'dep ensure'.


[[projects]]
  digest = "1:9f3b30d9f8e0d7040f729b82dcbc8f0dead820a133b3147ce355fc451f32d761"
  name = "github.com/BurntSushi/toml"
  packages = ["."]
  pruneopts = "UT"
  revision = "3012a1dbe2e4bd1391d42b32f0577cb7bbc7f005"
  version = "v0.3.1"

[[projects]]
  digest = "1:5d3e23515e7916c152cc665eda0f7eaf6fdf8fdfe7c3dbac97049bcbd649b33f"
  name = "github.com/Knetic/govaluate"
  packages = ["."]
  pruneopts = "UT"
  revision = "d216395917cc49052c7c7094cf57f09657ca08a8"
  version = "v3.0.0"

[[projects]]
  digest = "1:c3a3390da92890c8e0e381648e6d5d28715bf62f7e0c11cbbbdb4d2999e439f9"
  name = "github.com/abesto/sexp"
  packages = ["."]
  pruneopts = "UT"
  revision = "334ba3d4cc272142610c0246b5c31e667ed5009b"
  version = "v0.0.1"

[[projects]]
  digest = "1:7b94d37d65c0445053c6f3e73090e3966c1c29127035492c349e14f25c440359"
  name = "github.com/boombuler/barcode"
  packages = [
    ".",
    "qr",
    "utils",
  ]
  pruneopts = "UT"
  revision = "3cfea5ab600ae37946be2b763b8ec2c1cf2d272d"
  version = "v1.0.0"

[[projects]]
  digest = "1:f4114eda66017f16885ac5b40001c22fcc76389ba209a9f9389a703e73ea0c1f"
  name = "github.com/disintegration/imaging"
  packages = ["."]
  pruneopts = "UT"
  revision = "1884593a19ddc6f2ea050403430d02c1d0fc1283"
  version = "v1.3.0"

[[projects]]
  digest = "1:8200d8bc3c223956f4ed7c9c69f41c02f61959058a0ab6ace618dbf39934a31f"
  name = "github.com/eliukblau/pixterm"
  packages = ["ansimage"]
  pruneopts = "UT"
  revision = "b5994edcb4dd8d40668253cb9fb04f256b26dea5"
  version = "v1.2.4"

[[projects]]
  digest = "1:abeb38ade3f32a92943e5be54f55ed6d6e3b6602761d74b4aab4c9dd45c18abd"
  name = "github.com/fsnotify/fsnotify"
  packages = ["."]
  pruneopts = "UT"
  revision = "c2828203cd70a50dcccfb2761f8b1f8ceef9a8e9"
  version = "v1.4.7"

[[projects]]
  digest = "1:ea40c24cdbacd054a6ae9de03e62c5f252479b96c716375aace5c120d68647c8"
  name = "github.com/hashicorp/hcl"
  packages = [
    ".",
    "hcl/ast",
    "hcl/parser",
    "hcl/scanner",
    "hcl/strconv",
    "hcl/token",
    "json/parser",
    "json/scanner",
    "json/token",
  ]
  pruneopts = "UT"
  revision = "8cb6e5b959231cc1119e43259c4a608f9c51a241"
  version = "v1.0.0"

[[projects]]
  branch = "master"
  digest = "1:22364c5ff02f155161a390fd290b14cb01e37b48e4e975436e34a75364f9ca37"
  name = "github.com/lmorg/apachelogs"
  packages = ["."]
  pruneopts = "UT"
  revision = "e5f3eae677adf15fb41b7ddcb29d0330d740d7a8"

[[projects]]
  digest = "1:893b99c369d7680f7cac41b9915e8bcc49c5d3ad2e172e01d3a2bacc674e4881"
  name = "github.com/lmorg/readline"
  packages = ["."]
  pruneopts = "UT"
  revision = "f2d7b6c8c7bce273d4fbcbcea0e44f09e8f49cb7"
  version = "v2.0.1"

[[projects]]
  digest = "1:10db7f693cab6783acbb4d77329f015ade98e0466474e3c01fb2f2820266766e"
  name = "github.com/lucasb-eyer/go-colorful"
  packages = ["."]
  pruneopts = "UT"
  revision = "231272389856c976b7500c4fffcc52ddf06ff4eb"

[[projects]]
  branch = "master"
  digest = "1:3f293bba019cd25020236b8ed708f13bccded35562d9d351355573813997909f"
  name = "github.com/phayes/permbits"
  packages = ["."]
  pruneopts = "UT"
  revision = "1efae4548023f60d7a172fead76cccf194cf45de"

[[projects]]
  branch = "master"
  digest = "1:058e9504b9a79bfe86092974d05bb3298d2aa0c312d266d43148de289a5065d9"
  name = "golang.org/x/crypto"
  packages = ["ssh/terminal"]
  pruneopts = "UT"
  revision = "c2843e01d9a2bc60bb26ad24e09734fdc2d9ec58"

[[projects]]
  digest = "1:70719a5fae6bdae5b2826b9be15c9f01508c58aa387b3b0301024a729109ed34"
  name = "golang.org/x/image"
  packages = [
    "bmp",
    "riff",
    "tiff",
    "tiff/lzw",
    "vp8",
    "vp8l",
    "webp",
  ]
  pruneopts = "UT"
  revision = "83686c547965220f8b5d75e83ddc67d73420a89f"

[[projects]]
  branch = "master"
  digest = "1:84634db3c6385a120c926d800106c52269a084b849c1c25e276284c9232ad641"
  name = "golang.org/x/sys"
  packages = [
    "unix",
    "windows",
  ]
  pruneopts = "UT"
  revision = "584f3b12f43e1e55248c90e84804777009eed0a4"

[[projects]]
  digest = "1:4d2e5a73dc1500038e504a8d78b986630e3626dc027bc030ba5c75da257cdb96"
  name = "gopkg.in/yaml.v2"
  packages = ["."]
  pruneopts = "UT"
  revision = "51d6538a90f86fe93ac480b35f37b2be17fef232"
  version = "v2.2.2"

[[projects]]
  branch = "(default)"
  digest = "1:32e985dc4d5d118e9f5da55e1d3f8045e3fe922093b894165c3973c4434d2676"
  name = "labix.org/v2/mgo"
  packages = ["bson"]
  pruneopts = "UT"
  revision = "gustavo@niemeyer.net-20140701140051-90be2tvk93pcczzi"

[solve-meta]
  analyzer-name = "dep"
  analyzer-version = 1
  input-imports = [
    "github.com/BurntSushi/toml",
    "github.com/Knetic/govaluate",
    "github.com/abesto/sexp",
    "github.com/boombuler/barcode",
    "github.com/boombuler/barcode/qr",
    "github.com/eliukblau/pixterm/ansimage",
    "github.com/fsnotify/fsnotify",
    "github.com/hashicorp/hcl",
    "github.com/lmorg/apachelogs",
    "github.com/lmorg/readline",
    "github.com/phayes/permbits",
    "golang.org/x/crypto/ssh/terminal",
    "gopkg.in/yaml.v2",
    "labix.org/v2/mgo/bson",
  ]
  solver-name = "gps-cdcl"
  solver-version = 1
